
Microsoft Visual Studio Solution File, Format Version 12.00
Project("{FAE04EC0-301F-11D3-BF4B-00C04F79EFBC}") = "chomn404Downloader", "chomn404Downloader\chomn404Downloader.csproj", "{6F8C4EE8-D918-4ADC-A080-CD31577EE71C}"
EndProject
Project("{FAE04EC0-301F-11D3-BF4B-00C04F79EFBC}") = "FiddlerCore", "FiddlerCore\FiddlerCore.csproj", "{B2BDBA39-D5B2-4559-919A-0D276DAB8C4C}"
EndProject
Global
	GlobalSection(SolutionConfigurationPlatforms) = preSolution
		Debug|Any CPU = Debug|Any CPU
		Release|Any CPU = Release|Any CPU
	EndGlobalSection
	GlobalSection(ProjectConfigurationPlatforms) = postSolution
		{6F8C4EE8-D918-4ADC-A080-CD31577EE71C}.Debug|Any CPU.ActiveCfg = Debug|Any CPU
		{6F8C4EE8-D918-4ADC-A080-CD31577EE71C}.Debug|Any CPU.Build.0 = Debug|Any CPU
		{6F8C4EE8-D918-4ADC-A080-CD31577EE71C}.Release|Any CPU.ActiveCfg = Release|Any CPU
		{6F8C4EE8-D918-4ADC-A080-CD31577EE71C}.Release|Any CPU.Build.0 = Release|Any CPU
		{B2BDBA39-D5B2-4559-919A-0D276DAB8C4C}.Debug|Any CPU.ActiveCfg = Debug|Any CPU
		{B2BDBA39-D5B2-4559-919A-0D276DAB8C4C}.Debug|Any CPU.Build.0 = Debug|Any CPU
		{B2BDBA39-D5B2-4559-919A-0D276DAB8C4C}.Release|Any CPU.ActiveCfg = Release|Any CPU
		{B2BDBA39-D5B2-4559-919A-0D276DAB8C4C}.Release|Any CPU.Build.0 = Release|Any CPU
	EndGlobalSection
EndGlobal
